
Microsoft Visual Studio Solution File, Format Version 12.00
# Visual Studio Version 17
VisualStudioVersion = 17.13.35806.99 d17.13
MinimumVisualStudioVersion = 10.0.40219.1
Project("{FAE04EC0-301F-11D3-BF4B-00C04F79EFBC}") = "Test1", "Test1\Test1.csproj", "{286CCF21-A8F0-42E7-A5E7-6F7EF1648E64}"
EndProject
Global
	GlobalSection(SolutionConfigurationPlatforms) = preSolution
		Debug|Any CPU = Debug|Any CPU
		Release|Any CPU = Release|Any CPU
	EndGlobalSection
	GlobalSection(ProjectConfigurationPlatforms) = postSolution
		{286CCF21-A8F0-42E7-A5E7-6F7EF1648E64}.Debug|Any CPU.ActiveCfg = Debug|Any CPU
		{286CCF21-A8F0-42E7-A5E7-6F7EF1648E64}.Debug|Any CPU.Build.0 = Debug|Any CPU
		{286CCF21-A8F0-42E7-A5E7-6F7EF1648E64}.Release|Any CPU.ActiveCfg = Release|Any CPU
		{286CCF21-A8F0-42E7-A5E7-6F7EF1648E64}.Release|Any CPU.Build.0 = Release|Any CPU
	EndGlobalSection
	GlobalSection(SolutionProperties) = preSolution
		HideSolutionNode = FALSE
	EndGlobalSection
	GlobalSection(ExtensibilityGlobals) = postSolution
		SolutionGuid = {D5759288-9567-470E-82A6-0E30425A4216}
	EndGlobalSection
EndGlobal
